// !$*UTF8*$!
{
	archiveVersion = 1;
	classes = {
	};
	objectVersion = 77;
	objects = {

/* Begin PBXBuildFile section */
		B42DE1A02FA1B90000WEBP01 /* WebP in Frameworks */ = {isa = PBXBuildFile; productRef = B42DE1A12FA1B90000WEBP01 /* WebP */; };
		C73DB2A02FA3GRDB00GRDB01 /* GRDB in Frameworks */ = {isa = PBXBuildFile; productRef = C73DB2A12FA3GRDB00GRDB01 /* GRDB */; };
/* End PBXBuildFile section */

/* Begin PBXContainerItemProxy section */
		D00100082F9F000000000008 /* PBXContainerItemProxy */ = {
			isa = PBXContainerItemProxy;
			containerPortal = A364629B2F18EEDA0003453D /* Project object */;
			proxyType = 1;
			remoteGlobalIDString = A36462A22F18EEDA0003453D;
			remoteInfo = ShotPaste;
		};
/* End PBXContainerItemProxy section */

/* Begin PBXFileReference section */
		A36462A32F18EEDA0003453D /* ShotPaste Debug.app */ = {isa = PBXFileReference; explicitFileType = wrapper.application; includeInIndex = 0; path = "ShotPaste Debug.app"; sourceTree = BUILT_PRODUCTS_DIR; };
		D00100012F9F000000000001 /* ShotPasteTests.xctest */ = {isa = PBXFileReference; explicitFileType = wrapper.cfbundle; includeInIndex = 0; path = ShotPasteTests.xctest; sourceTree = BUILT_PRODUCTS_DIR; };
		D00110022F9F000000000002 /* ShotPaste.xctestplan */ = {isa = PBXFileReference; lastKnownFileType = text; path = ShotPaste.xctestplan; sourceTree = "<group>"; };
/* End PBXFileReference section */

/* Begin PBXFileSystemSynchronizedBuildFileExceptionSet section */
		A3A629C62F5E9E4E00E06B7C /* Exceptions for "ShotPaste" folder in "ShotPaste" target */ = {
			isa = PBXFileSystemSynchronizedBuildFileExceptionSet;
			membershipExceptions = (
				Config/Secrets.xcconfig,
				Resources/Info.plist,
			);
			target = A36462A22F18EEDA0003453D /* ShotPaste */;
		};
		E10CA1102FC0000000000001 /* Exceptions for "Shared Localization" folder in "ShotPaste" target */ = {
			isa = PBXFileSystemSynchronizedBuildFileExceptionSet;
			membershipExceptions = (
				manifest.json,
			);
			target = A36462A22F18EEDA0003453D /* ShotPaste */;
		};
/* End PBXFileSystemSynchronizedBuildFileExceptionSet section */

/* Begin PBXFileSystemSynchronizedRootGroup section */
		A36462A52F18EEDA0003453D /* ShotPaste */ = {
			isa = PBXFileSystemSynchronizedRootGroup;
			exceptions = (
				A3A629C62F5E9E4E00E06B7C /* Exceptions for "ShotPaste" folder in "ShotPaste" target */,
			);
			path = ShotPaste;
			sourceTree = "<group>";
		};
		D00100032F9F000000000003 /* ShotPasteTests */ = {
			isa = PBXFileSystemSynchronizedRootGroup;
			path = ShotPasteTests;
			sourceTree = "<group>";
		};
		E10CA1112FC0000000000002 /* Shared Localization */ = {
			isa = PBXFileSystemSynchronizedRootGroup;
			exceptions = (
				E10CA1102FC0000000000001 /* Exceptions for "Shared Localization" folder in "ShotPaste" target */,
			);
			name = "Shared Localization";
			path = ../../resources/localization;
			sourceTree = "<group>";
		};
/* End PBXFileSystemSynchronizedRootGroup section */

/* Begin PBXFrameworksBuildPhase section */
		A36462A02F18EEDA0003453D /* Frameworks */ = {
			isa = PBXFrameworksBuildPhase;
			buildActionMask = 2147483647;
			files = (
				B42DE1A02FA1B90000WEBP01 /* WebP in Frameworks */,
				C73DB2A02FA3GRDB00GRDB01 /* GRDB in Frameworks */,
			);
			runOnlyForDeploymentPostprocessing = 0;
		};
		D00100042F9F000000000004 /* Frameworks */ = {
			isa = PBXFrameworksBuildPhase;
			buildActionMask = 2147483647;
			files = (
			);
			runOnlyForDeploymentPostprocessing = 0;
		};
/* End PBXFrameworksBuildPhase section */

/* Begin PBXGroup section */
		A364629A2F18EEDA0003453D = {
			isa = PBXGroup;
			children = (
				D00110022F9F000000000002 /* ShotPaste.xctestplan */,
				A36462A52F18EEDA0003453D /* ShotPaste */,
				D00100032F9F000000000003 /* ShotPasteTests */,
				E10CA1112FC0000000000002 /* Shared Localization */,
				A36462A42F18EEDA0003453D /* Products */,
			);
			sourceTree = "<group>";
		};
		A36462A42F18EEDA0003453D /* Products */ = {
			isa = PBXGroup;
			children = (
				A36462A32F18EEDA0003453D /* ShotPaste Debug.app */,
				D00100012F9F000000000001 /* ShotPasteTests.xctest */,
			);
			name = Products;
			sourceTree = "<group>";
		};
/* End PBXGroup section */

/* Begin PBXNativeTarget section */
		A36462A22F18EEDA0003453D /* ShotPaste */ = {
			isa = PBXNativeTarget;
			buildConfigurationList = A36462B02F18EEDB0003453D /* Build configuration list for PBXNativeTarget "ShotPaste" */;
			buildPhases = (
				A364629F2F18EEDA0003453D /* Sources */,
				A36462A02F18EEDA0003453D /* Frameworks */,
				A36462A12F18EEDA0003453D /* Resources */,
				4C4547414C4E4F5449434553 /* Copy Third-Party Notices */,
			);
			buildRules = (
			);
			dependencies = (
			);
			fileSystemSynchronizedGroups = (
				A36462A52F18EEDA0003453D /* ShotPaste */,
				E10CA1112FC0000000000002 /* Shared Localization */,
			);
			name = ShotPaste;
			packageProductDependencies = (
				B42DE1A12FA1B90000WEBP01 /* WebP */,
				C73DB2A12FA3GRDB00GRDB01 /* GRDB */,
			);
			productName = ShotPaste;
			productReference = A36462A32F18EEDA0003453D /* ShotPaste Debug.app */;
			productType = "com.apple.product-type.application";
		};
		D00100072F9F000000000007 /* ShotPasteTests */ = {
			isa = PBXNativeTarget;
			buildConfigurationList = D001000C2F9F00000000000C /* Build configuration list for PBXNativeTarget "ShotPasteTests" */;
			buildPhases = (
				D00100062F9F000000000006 /* Sources */,
				D00100042F9F000000000004 /* Frameworks */,
				D00100052F9F000000000005 /* Resources */,
			);
			buildRules = (
			);
			dependencies = (
				D00100092F9F000000000009 /* PBXTargetDependency */,
			);
			fileSystemSynchronizedGroups = (
				D00100032F9F000000000003 /* ShotPasteTests */,
			);
			name = ShotPasteTests;
			packageProductDependencies = (
			);
			productName = ShotPasteTests;
			productReference = D00100012F9F000000000001 /* ShotPasteTests.xctest */;
			productType = "com.apple.product-type.bundle.unit-test";
		};
/* End PBXNativeTarget section */

/* Begin PBXProject section */
		A364629B2F18EEDA0003453D /* Project object */ = {
			isa = PBXProject;
			attributes = {
				BuildIndependentTargetsInParallel = 1;
				LastSwiftUpdateCheck = 2620;
				LastUpgradeCheck = 2620;
				TargetAttributes = {
					A36462A22F18EEDA0003453D = {
						CreatedOnToolsVersion = 26.2;
					};
					D00100072F9F000000000007 = {
						CreatedOnToolsVersion = 26.2;
						TestTargetID = A36462A22F18EEDA0003453D;
					};
				};
			};
			buildConfigurationList = A364629E2F18EEDA0003453D /* Build configuration list for PBXProject "ShotPaste" */;
			developmentRegion = en;
			hasScannedForEncodings = 0;
			knownRegions = (
				en,
				vi,
				Base,
				"zh-Hans",
				"zh-Hant",
				es,
				ja,
				ko,
				ru,
				fr,
				de,
			);
			mainGroup = A364629A2F18EEDA0003453D;
			minimizedProjectReferenceProxies = 1;
			packageReferences = (
				B42DE19F2FA1B90000WEBP01 /* XCRemoteSwiftPackageReference "Swift-WebP" */,
				C73DB19F2FA3GRDB00GRDB01 /* XCRemoteSwiftPackageReference "GRDB.swift" */,
			);
			preferredProjectObjectVersion = 77;
			productRefGroup = A36462A42F18EEDA0003453D /* Products */;
			projectDirPath = "";
			projectRoot = "";
			targets = (
				A36462A22F18EEDA0003453D /* ShotPaste */,
				D00100072F9F000000000007 /* ShotPasteTests */,
			);
		};
/* End PBXProject section */

/* Begin PBXResourcesBuildPhase section */
		A36462A12F18EEDA0003453D /* Resources */ = {
			isa = PBXResourcesBuildPhase;
			buildActionMask = 2147483647;
			files = (
			);
			runOnlyForDeploymentPostprocessing = 0;
		};
		D00100052F9F000000000005 /* Resources */ = {
			isa = PBXResourcesBuildPhase;
			buildActionMask = 2147483647;
			files = (
			);
			runOnlyForDeploymentPostprocessing = 0;
		};
/* End PBXResourcesBuildPhase section */

/* Begin PBXShellScriptBuildPhase section */
		4C4547414C4E4F5449434553 /* Copy Third-Party Notices */ = {
			isa = PBXShellScriptBuildPhase;
			buildActionMask = 2147483647;
			files = (
			);
			inputFileListPaths = (
			);
			inputPaths = (
				"$(SRCROOT)/../../THIRD_PARTY_NOTICES.md",
			);
			name = "Copy Third-Party Notices";
			outputFileListPaths = (
			);
			outputPaths = (
				"$(TARGET_BUILD_DIR)/$(UNLOCALIZED_RESOURCES_FOLDER_PATH)/ThirdPartyNotices.md",
			);
			runOnlyForDeploymentPostprocessing = 0;
			shellPath = /bin/sh;
			shellScript = "cp \"${SRCROOT}/../../THIRD_PARTY_NOTICES.md\" \"${TARGET_BUILD_DIR}/${UNLOCALIZED_RESOURCES_FOLDER_PATH}/ThirdPartyNotices.md\"\n";
		};
/* End PBXShellScriptBuildPhase section */

/* Begin PBXSourcesBuildPhase section */
		A364629F2F18EEDA0003453D /* Sources */ = {
			isa = PBXSourcesBuildPhase;
			buildActionMask = 2147483647;
			files = (
			);
			runOnlyForDeploymentPostprocessing = 0;
		};
		D00100062F9F000000000006 /* Sources */ = {
			isa = PBXSourcesBuildPhase;
			buildActionMask = 2147483647;
			files = (
			);
			runOnlyForDeploymentPostprocessing = 0;
		};
/* End PBXSourcesBuildPhase section */

/* Begin PBXTargetDependency section */
		D00100092F9F000000000009 /* PBXTargetDependency */ = {
			isa = PBXTargetDependency;
			target = A36462A22F18EEDA0003453D /* ShotPaste */;
			targetProxy = D00100082F9F000000000008 /* PBXContainerItemProxy */;
		};
/* End PBXTargetDependency section */

/* Begin XCBuildConfiguration section */
		A36462AE2F18EEDB0003453D /* Debug */ = {
			isa = XCBuildConfiguration;
			buildSettings = {
				ALWAYS_SEARCH_USER_PATHS = NO;
				ASSETCATALOG_COMPILER_GENERATE_SWIFT_ASSET_SYMBOL_EXTENSIONS = YES;
				CLANG_ANALYZER_NONNULL = YES;
				CLANG_ANALYZER_NUMBER_OBJECT_CONVERSION = YES_AGGRESSIVE;
				CLANG_CXX_LANGUAGE_STANDARD = "gnu++20";
				CLANG_ENABLE_MODULES = YES;
				CLANG_ENABLE_OBJC_ARC = YES;
				CLANG_ENABLE_OBJC_WEAK = YES;
				CLANG_WARN_BLOCK_CAPTURE_AUTORELEASING = YES;
				CLANG_WARN_BOOL_CONVERSION = YES;
				CLANG_WARN_COMMA = YES;
				CLANG_WARN_CONSTANT_CONVERSION = YES;
				CLANG_WARN_DEPRECATED_OBJC_IMPLEMENTATIONS = YES;
				CLANG_WARN_DIRECT_OBJC_ISA_USAGE = YES_ERROR;
				CLANG_WARN_DOCUMENTATION_COMMENTS = YES;
				CLANG_WARN_EMPTY_BODY = YES;
				CLANG_WARN_ENUM_CONVERSION = YES;
				CLANG_WARN_INFINITE_RECURSION = YES;
				CLANG_WARN_INT_CONVERSION = YES;
				CLANG_WARN_NON_LITERAL_NULL_CONVERSION = YES;
				CLANG_WARN_OBJC_IMPLICIT_RETAIN_SELF = YES;
				CLANG_WARN_OBJC_LITERAL_CONVERSION = YES;
				CLANG_WARN_OBJC_ROOT_CLASS = YES_ERROR;
				CLANG_WARN_QUOTED_INCLUDE_IN_FRAMEWORK_HEADER = YES;
				CLANG_WARN_RANGE_LOOP_ANALYSIS = YES;
				CLANG_WARN_STRICT_PROTOTYPES = YES;
				CLANG_WARN_SUSPICIOUS_MOVE = YES;
				CLANG_WARN_UNGUARDED_AVAILABILITY = YES_AGGRESSIVE;
				CLANG_WARN_UNREACHABLE_CODE = YES;
				CLANG_WARN__DUPLICATE_METHOD_MATCH = YES;
				COPY_PHASE_STRIP = NO;
				DEBUG_INFORMATION_FORMAT = dwarf;
				ENABLE_STRICT_OBJC_MSGSEND = YES;
				ENABLE_TESTABILITY = YES;
				ENABLE_USER_SCRIPT_SANDBOXING = NO;
				GCC_C_LANGUAGE_STANDARD = gnu17;
				GCC_DYNAMIC_NO_PIC = NO;
				GCC_NO_COMMON_BLOCKS = YES;
				GCC_OPTIMIZATION_LEVEL = 0;
				GCC_PREPROCESSOR_DEFINITIONS = (
					"DEBUG=1",
					"$(inherited)",
				);
				GCC_WARN_64_TO_32_BIT_CONVERSION = YES;
				GCC_WARN_ABOUT_RETURN_TYPE = YES_ERROR;
				GCC_WARN_UNDECLARED_SELECTOR = YES;
				GCC_WARN_UNINITIALIZED_AUTOS = YES_AGGRESSIVE;
				GCC_WARN_UNUSED_FUNCTION = YES;
				GCC_WARN_UNUSED_VARIABLE = YES;
				LOCALIZATION_PREFERS_STRING_CATALOGS = YES;
				MACOSX_DEPLOYMENT_TARGET = 13.0;
				MTL_ENABLE_DEBUG_INFO = INCLUDE_SOURCE;
				MTL_FAST_MATH = YES;
				ONLY_ACTIVE_ARCH = YES;
				SDKROOT = macosx;
				SWIFT_ACTIVE_COMPILATION_CONDITIONS = "DEBUG $(inherited)";
				SWIFT_OPTIMIZATION_LEVEL = "-Onone";
			};
			name = Debug;
		};
		A36462AF2F18EEDB0003453D /* Release */ = {
			isa = XCBuildConfiguration;
			buildSettings = {
				ALWAYS_SEARCH_USER_PATHS = NO;
				ASSETCATALOG_COMPILER_GENERATE_SWIFT_ASSET_SYMBOL_EXTENSIONS = YES;
				CLANG_ANALYZER_NONNULL = YES;
				CLANG_ANALYZER_NUMBER_OBJECT_CONVERSION = YES_AGGRESSIVE;
				CLANG_CXX_LANGUAGE_STANDARD = "gnu++20";
				CLANG_ENABLE_MODULES = YES;
				CLANG_ENABLE_OBJC_ARC = YES;
				CLANG_ENABLE_OBJC_WEAK = YES;
				CLANG_WARN_BLOCK_CAPTURE_AUTORELEASING = YES;
				CLANG_WARN_BOOL_CONVERSION = YES;
				CLANG_WARN_COMMA = YES;
				CLANG_WARN_CONSTANT_CONVERSION = YES;
				CLANG_WARN_DEPRECATED_OBJC_IMPLEMENTATIONS = YES;
				CLANG_WARN_DIRECT_OBJC_ISA_USAGE = YES_ERROR;
				CLANG_WARN_DOCUMENTATION_COMMENTS = YES;
				CLANG_WARN_EMPTY_BODY = YES;
				CLANG_WARN_ENUM_CONVERSION = YES;
				CLANG_WARN_INFINITE_RECURSION = YES;
				CLANG_WARN_INT_CONVERSION = YES;
				CLANG_WARN_NON_LITERAL_NULL_CONVERSION = YES;
				CLANG_WARN_OBJC_IMPLICIT_RETAIN_SELF = YES;
				CLANG_WARN_OBJC_LITERAL_CONVERSION = YES;
				CLANG_WARN_OBJC_ROOT_CLASS = YES_ERROR;
				CLANG_WARN_QUOTED_INCLUDE_IN_FRAMEWORK_HEADER = YES;
				CLANG_WARN_RANGE_LOOP_ANALYSIS = YES;
				CLANG_WARN_STRICT_PROTOTYPES = YES;
				CLANG_WARN_SUSPICIOUS_MOVE = YES;
				CLANG_WARN_UNGUARDED_AVAILABILITY = YES_AGGRESSIVE;
				CLANG_WARN_UNREACHABLE_CODE = YES;
				CLANG_WARN__DUPLICATE_METHOD_MATCH = YES;
				COPY_PHASE_STRIP = NO;
				DEBUG_INFORMATION_FORMAT = "dwarf-with-dsym";
				ENABLE_NS_ASSERTIONS = NO;
				ENABLE_STRICT_OBJC_MSGSEND = YES;
				ENABLE_USER_SCRIPT_SANDBOXING = NO;
				GCC_C_LANGUAGE_STANDARD = gnu17;
				GCC_NO_COMMON_BLOCKS = YES;
				GCC_WARN_64_TO_32_BIT_CONVERSION = YES;
				GCC_WARN_ABOUT_RETURN_TYPE = YES_ERROR;
				GCC_WARN_UNDECLARED_SELECTOR = YES;
				GCC_WARN_UNINITIALIZED_AUTOS = YES_AGGRESSIVE;
				GCC_WARN_UNUSED_FUNCTION = YES;
				GCC_WARN_UNUSED_VARIABLE = YES;
				LOCALIZATION_PREFERS_STRING_CATALOGS = YES;
				MACOSX_DEPLOYMENT_TARGET = 13.0;
				MTL_ENABLE_DEBUG_INFO = NO;
				MTL_FAST_MATH = YES;
				SDKROOT = macosx;
				SWIFT_COMPILATION_MODE = wholemodule;
			};
			name = Release;
		};
		A36462B12F18EEDB0003453D /* Debug */ = {
			isa = XCBuildConfiguration;
			buildSettings = {
				ASSETCATALOG_COMPILER_APPICON_NAME = AppIconDebug;
				ASSETCATALOG_COMPILER_GLOBAL_ACCENT_COLOR_NAME = AccentColor;
				ASSETCATALOG_COMPILER_INCLUDE_ALL_APPICON_ASSETS = NO;
				CODE_SIGN_ENTITLEMENTS = ShotPaste/ShotPaste.entitlements;
				CODE_SIGN_STYLE = Automatic;
				COMBINE_HIDPI_IMAGES = YES;
				CONFIGURATION_BUILD_DIR = "$(SRCROOT)/../../.build/macos/Debug";
				CURRENT_PROJECT_VERSION = 1;
				ENABLE_APP_SANDBOX = NO;
				ENABLE_DEBUG_DYLIB = NO;
				ENABLE_HARDENED_RUNTIME = YES;
				ENABLE_PREVIEWS = YES;
				ENABLE_USER_SELECTED_FILES = readwrite;
				EXECUTABLE_NAME = ShotPasteDebug;
				GENERATE_INFOPLIST_FILE = YES;
				INFOPLIST_FILE = ShotPaste/Resources/Info.plist;
				INFOPLIST_KEY_CFBundleDisplayName = "ShotPaste Debug";
				INFOPLIST_KEY_LSApplicationCategoryType = "public.app-category.productivity";
				INFOPLIST_KEY_LSUIElement = YES;
				INFOPLIST_KEY_NSHumanReadableCopyright = "";
				LD_RUNPATH_SEARCH_PATHS = (
					"$(inherited)",
					"@executable_path/../Frameworks",
				);
				MACOSX_DEPLOYMENT_TARGET = 13.0;
				SHOTPASTE_URL_NAME = com.ahtcfg24.shotpaste.debug;
				SHOTPASTE_URL_SCHEME = "shotpaste-debug";
				MARKETING_VERSION = 1.0.0;
				PRODUCT_BUNDLE_IDENTIFIER = com.ahtcfg24.shotpaste.debug;
				PRODUCT_MODULE_NAME = ShotPaste;
				PRODUCT_NAME = "ShotPaste Debug";
				REGISTER_APP_GROUPS = YES;
				SHOTPASTE_BUNDLE_NAME = "ShotPaste Debug";
				STRING_CATALOG_GENERATE_SYMBOLS = YES;
				SWIFT_APPROACHABLE_CONCURRENCY = YES;
				SWIFT_DEFAULT_ACTOR_ISOLATION = MainActor;
				SWIFT_EMIT_LOC_STRINGS = YES;
				SWIFT_UPCOMING_FEATURE_MEMBER_IMPORT_VISIBILITY = YES;
				SWIFT_VERSION = 5.0;
			};
			name = Debug;
		};
		A36462B22F18EEDB0003453D /* Release */ = {
			isa = XCBuildConfiguration;
			buildSettings = {
				ASSETCATALOG_COMPILER_APPICON_NAME = AppIcon;
				ASSETCATALOG_COMPILER_GLOBAL_ACCENT_COLOR_NAME = AccentColor;
				ASSETCATALOG_COMPILER_INCLUDE_ALL_APPICON_ASSETS = NO;
				CODE_SIGN_ENTITLEMENTS = ShotPaste/ShotPaste.entitlements;
				CODE_SIGN_STYLE = Automatic;
				COMBINE_HIDPI_IMAGES = YES;
				CONFIGURATION_BUILD_DIR = "$(SRCROOT)/../../.build/macos/Release";
				CURRENT_PROJECT_VERSION = 1;
				ENABLE_APP_SANDBOX = NO;
				ENABLE_DEBUG_DYLIB = NO;
				ENABLE_HARDENED_RUNTIME = YES;
				ENABLE_PREVIEWS = YES;
				ENABLE_USER_SELECTED_FILES = readwrite;
				EXECUTABLE_NAME = ShotPaste;
				GENERATE_INFOPLIST_FILE = YES;
				INFOPLIST_FILE = ShotPaste/Resources/Info.plist;
				INFOPLIST_KEY_CFBundleDisplayName = "ShotPaste";
				INFOPLIST_KEY_LSApplicationCategoryType = "public.app-category.productivity";
				INFOPLIST_KEY_LSUIElement = YES;
				INFOPLIST_KEY_NSHumanReadableCopyright = "";
				LD_RUNPATH_SEARCH_PATHS = (
					"$(inherited)",
					"@executable_path/../Frameworks",
				);
				MACOSX_DEPLOYMENT_TARGET = 13.0;
				SHOTPASTE_URL_NAME = com.ahtcfg24.shotpaste;
				SHOTPASTE_URL_SCHEME = shotpaste;
				MARKETING_VERSION = 1.0.0;
				PRODUCT_BUNDLE_IDENTIFIER = com.ahtcfg24.shotpaste;
				PRODUCT_MODULE_NAME = ShotPaste;
				PRODUCT_NAME = "ShotPaste";
				REGISTER_APP_GROUPS = YES;
				SHOTPASTE_BUNDLE_NAME = "ShotPaste";
				STRING_CATALOG_GENERATE_SYMBOLS = YES;
				SWIFT_APPROACHABLE_CONCURRENCY = YES;
				SWIFT_DEFAULT_ACTOR_ISOLATION = MainActor;
				SWIFT_EMIT_LOC_STRINGS = YES;
				SWIFT_UPCOMING_FEATURE_MEMBER_IMPORT_VISIBILITY = YES;
				SWIFT_VERSION = 5.0;
			};
			name = Release;
		};
		D001000A2F9F00000000000A /* Debug */ = {
			isa = XCBuildConfiguration;
			buildSettings = {
				BUNDLE_LOADER = "$(TEST_HOST)";
				CODE_SIGN_STYLE = Automatic;
				CURRENT_PROJECT_VERSION = 82;
				GENERATE_INFOPLIST_FILE = YES;
				LD_RUNPATH_SEARCH_PATHS = (
					"$(inherited)",
					"@executable_path/../Frameworks",
					"@loader_path/../Frameworks",
				);
				MACOSX_DEPLOYMENT_TARGET = 13.0;
				MARKETING_VERSION = 1.12.1;
				PRODUCT_BUNDLE_IDENTIFIER = com.ahtcfg24.shotpaste.tests;
				PRODUCT_NAME = "$(TARGET_NAME)";
				SWIFT_APPROACHABLE_CONCURRENCY = YES;
				SWIFT_DEFAULT_ACTOR_ISOLATION = MainActor;
				SWIFT_EMIT_LOC_STRINGS = NO;
				SWIFT_UPCOMING_FEATURE_MEMBER_IMPORT_VISIBILITY = YES;
				SWIFT_VERSION = 5.0;
				TEST_HOST = "$(BUILT_PRODUCTS_DIR)/ShotPaste Debug.app/$(BUNDLE_EXECUTABLE_FOLDER_PATH)/ShotPasteDebug";
			};
			name = Debug;
		};
		D001000B2F9F00000000000B /* Release */ = {
			isa = XCBuildConfiguration;
			buildSettings = {
				BUNDLE_LOADER = "$(TEST_HOST)";
				CODE_SIGN_STYLE = Automatic;
				CURRENT_PROJECT_VERSION = 82;
				GENERATE_INFOPLIST_FILE = YES;
				LD_RUNPATH_SEARCH_PATHS = (
					"$(inherited)",
					"@executable_path/../Frameworks",
					"@loader_path/../Frameworks",
				);
				MACOSX_DEPLOYMENT_TARGET = 13.0;
				MARKETING_VERSION = 1.12.1;
				PRODUCT_BUNDLE_IDENTIFIER = com.ahtcfg24.shotpaste.tests;
				PRODUCT_NAME = "$(TARGET_NAME)";
				SWIFT_APPROACHABLE_CONCURRENCY = YES;
				SWIFT_DEFAULT_ACTOR_ISOLATION = MainActor;
				SWIFT_EMIT_LOC_STRINGS = NO;
				SWIFT_UPCOMING_FEATURE_MEMBER_IMPORT_VISIBILITY = YES;
				SWIFT_VERSION = 5.0;
				TEST_HOST = "$(BUILT_PRODUCTS_DIR)/ShotPaste.app/$(BUNDLE_EXECUTABLE_FOLDER_PATH)/ShotPaste";
			};
			name = Release;
		};
/* End XCBuildConfiguration section */

/* Begin XCConfigurationList section */
		A364629E2F18EEDA0003453D /* Build configuration list for PBXProject "ShotPaste" */ = {
			isa = XCConfigurationList;
			buildConfigurations = (
				A36462AE2F18EEDB0003453D /* Debug */,
				A36462AF2F18EEDB0003453D /* Release */,
			);
			defaultConfigurationIsVisible = 0;
			defaultConfigurationName = Release;
		};
		A36462B02F18EEDB0003453D /* Build configuration list for PBXNativeTarget "ShotPaste" */ = {
			isa = XCConfigurationList;
			buildConfigurations = (
				A36462B12F18EEDB0003453D /* Debug */,
				A36462B22F18EEDB0003453D /* Release */,
			);
			defaultConfigurationIsVisible = 0;
			defaultConfigurationName = Release;
		};
		D001000C2F9F00000000000C /* Build configuration list for PBXNativeTarget "ShotPasteTests" */ = {
			isa = XCConfigurationList;
			buildConfigurations = (
				D001000A2F9F00000000000A /* Debug */,
				D001000B2F9F00000000000B /* Release */,
			);
			defaultConfigurationIsVisible = 0;
			defaultConfigurationName = Release;
		};
/* End XCConfigurationList section */

/* Begin XCRemoteSwiftPackageReference section */
		B42DE19F2FA1B90000WEBP01 /* XCRemoteSwiftPackageReference "Swift-WebP" */ = {
			isa = XCRemoteSwiftPackageReference;
			repositoryURL = "https://github.com/ainame/Swift-WebP.git";
			requirement = {
				kind = upToNextMajorVersion;
				minimumVersion = 0.6.0;
			};
		};
		C73DB19F2FA3GRDB00GRDB01 /* XCRemoteSwiftPackageReference "GRDB.swift" */ = {
			isa = XCRemoteSwiftPackageReference;
			repositoryURL = "https://github.com/groue/GRDB.swift.git";
			requirement = {
				kind = upToNextMajorVersion;
				minimumVersion = 7.0.0;
			};
		};
/* End XCRemoteSwiftPackageReference section */

/* Begin XCSwiftPackageProductDependency section */
		B42DE1A12FA1B90000WEBP01 /* WebP */ = {
			isa = XCSwiftPackageProductDependency;
			package = B42DE19F2FA1B90000WEBP01 /* XCRemoteSwiftPackageReference "Swift-WebP" */;
			productName = WebP;
		};
		C73DB2A12FA3GRDB00GRDB01 /* GRDB */ = {
			isa = XCSwiftPackageProductDependency;
			package = C73DB19F2FA3GRDB00GRDB01 /* XCRemoteSwiftPackageReference "GRDB.swift" */;
			productName = GRDB;
		};
/* End XCSwiftPackageProductDependency section */
	};
	rootObject = A364629B2F18EEDA0003453D /* Project object */;
}
